
Microsoft Visual Studio Solution File, Format Version 12.00
# Visual Studio 15
Project("{FAE04EC0-301F-11D3-BF4B-00C04F79EFBC}") = "Unity.XR.Interaction.Toolkit.Samples.StarterAssets", "Unity.XR.Interaction.Toolkit.Samples.StarterAssets.csproj", "{C7BE79C0-23FD-CBD3-75EA-7BC4315D44E6}"
EndProject
Project("{FAE04EC0-301F-11D3-BF4B-00C04F79EFBC}") = "Assembly-CSharp", "Assembly-CSharp.csproj", "{6E8ABF9E-1EA1-638C-A8FB-3FB2D9DC03EB}"
EndProject
Project("{FAE04EC0-301F-11D3-BF4B-00C04F79EFBC}") = "Unity.XR.Interaction.Toolkit.Samples.DeviceSimulator", "Unity.XR.Interaction.Toolkit.Samples.DeviceSimulator.csproj", "{172044E5-E085-F602-0A84-D47E572B2F41}"
EndProject
Project("{FAE04EC0-301F-11D3-BF4B-00C04F79EFBC}") = "Unity.XR.Interaction.Toolkit.Samples.StarterAssets.Editor", "Unity.XR.Interaction.Toolkit.Samples.StarterAssets.Editor.csproj", "{1757D36A-EA98-AE94-5BC5-F1240D82C46E}"
EndProject
Global
	GlobalSection(SolutionConfigurationPlatforms) = preSolution
		Debug|Any CPU = Debug|Any CPU
		Release|Any CPU = Release|Any CPU
	EndGlobalSection
	GlobalSection(ProjectConfigurationPlatforms) = postSolution
		{C7BE79C0-23FD-CBD3-75EA-7BC4315D44E6}.Debug|Any CPU.ActiveCfg = Debug|Any CPU
		{C7BE79C0-23FD-CBD3-75EA-7BC4315D44E6}.Debug|Any CPU.Build.0 = Debug|Any CPU
		{C7BE79C0-23FD-CBD3-75EA-7BC4315D44E6}.Release|Any CPU.ActiveCfg = Release|Any CPU
		{C7BE79C0-23FD-CBD3-75EA-7BC4315D44E6}.Release|Any CPU.Build.0 = Release|Any CPU
		{6E8ABF9E-1EA1-638C-A8FB-3FB2D9DC03EB}.Debug|Any CPU.ActiveCfg = Debug|Any CPU
		{6E8ABF9E-1EA1-638C-A8FB-3FB2D9DC03EB}.Debug|Any CPU.Build.0 = Debug|Any CPU
		{6E8ABF9E-1EA1-638C-A8FB-3FB2D9DC03EB}.Release|Any CPU.ActiveCfg = Release|Any CPU
		{6E8ABF9E-1EA1-638C-A8FB-3FB2D9DC03EB}.Release|Any CPU.Build.0 = Release|Any CPU
		{172044E5-E085-F602-0A84-D47E572B2F41}.Debug|Any CPU.ActiveCfg = Debug|Any CPU
		{172044E5-E085-F602-0A84-D47E572B2F41}.Debug|Any CPU.Build.0 = Debug|Any CPU
		{172044E5-E085-F602-0A84-D47E572B2F41}.Release|Any CPU.ActiveCfg = Release|Any CPU
		{172044E5-E085-F602-0A84-D47E572B2F41}.Release|Any CPU.Build.0 = Release|Any CPU
		{1757D36A-EA98-AE94-5BC5-F1240D82C46E}.Debug|Any CPU.ActiveCfg = Debug|Any CPU
		{1757D36A-EA98-AE94-5BC5-F1240D82C46E}.Debug|Any CPU.Build.0 = Debug|Any CPU
		{1757D36A-EA98-AE94-5BC5-F1240D82C46E}.Release|Any CPU.ActiveCfg = Release|Any CPU
		{1757D36A-EA98-AE94-5BC5-F1240D82C46E}.Release|Any CPU.Build.0 = Release|Any CPU
	EndGlobalSection
	GlobalSection(SolutionProperties) = preSolution
		HideSolutionNode = FALSE
	EndGlobalSection
EndGlobal
